
Microsoft Visual Studio Solution File, Format Version 12.00
# Visual Studio Version 17
VisualStudioVersion = 17.1.32210.238
MinimumVisualStudioVersion = 10.0.40219.1
Project("{FAE04EC0-301F-11D3-BF4B-00C04F79EFBC}") = "classConsept", "classConsept.csproj", "{87F15E00-2991-450F-8372-A75670F762F1}"
EndProject
Global
	GlobalSection(SolutionConfigurationPlatforms) = preSolution
		Debug|Any CPU = Debug|Any CPU
		Release|Any CPU = Release|Any CPU
	EndGlobalSection
	GlobalSection(ProjectConfigurationPlatforms) = postSolution
		{87F15E00-2991-450F-8372-A75670F762F1}.Debug|Any CPU.ActiveCfg = Debug|Any CPU
		{87F15E00-2991-450F-8372-A75670F762F1}.Debug|Any CPU.Build.0 = Debug|Any CPU
		{87F15E00-2991-450F-8372-A75670F762F1}.Release|Any CPU.ActiveCfg = Release|Any CPU
		{87F15E00-2991-450F-8372-A75670F762F1}.Release|Any CPU.Build.0 = Release|Any CPU
	EndGlobalSection
	GlobalSection(SolutionProperties) = preSolution
		HideSolutionNode = FALSE
	EndGlobalSection
	GlobalSection(ExtensibilityGlobals) = postSolution
		SolutionGuid = {E1757B80-5E10-4220-85C7-8B4307DFABD9}
	EndGlobalSection
EndGlobal
