
Microsoft Visual Studio Solution File, Format Version 12.00
# Visual Studio Version 17
VisualStudioVersion = 17.1.32210.238
MinimumVisualStudioVersion = 10.0.40219.1
Project("{FAE04EC0-301F-11D3-BF4B-00C04F79EFBC}") = "methods", "methods.csproj", "{A3443B50-4842-4105-8EB9-ECFB48E17366}"
EndProject
Global
	GlobalSection(SolutionConfigurationPlatforms) = preSolution
		Debug|Any CPU = Debug|Any CPU
		Release|Any CPU = Release|Any CPU
	EndGlobalSection
	GlobalSection(ProjectConfigurationPlatforms) = postSolution
		{A3443B50-4842-4105-8EB9-ECFB48E17366}.Debug|Any CPU.ActiveCfg = Debug|Any CPU
		{A3443B50-4842-4105-8EB9-ECFB48E17366}.Debug|Any CPU.Build.0 = Debug|Any CPU
		{A3443B50-4842-4105-8EB9-ECFB48E17366}.Release|Any CPU.ActiveCfg = Release|Any CPU
		{A3443B50-4842-4105-8EB9-ECFB48E17366}.Release|Any CPU.Build.0 = Release|Any CPU
	EndGlobalSection
	GlobalSection(SolutionProperties) = preSolution
		HideSolutionNode = FALSE
	EndGlobalSection
	GlobalSection(ExtensibilityGlobals) = postSolution
		SolutionGuid = {8C2BAA6D-76C3-4811-B1EE-36F226F0EDA4}
	EndGlobalSection
EndGlobal
