
Microsoft Visual Studio Solution File, Format Version 12.00
# Visual Studio Version 17
VisualStudioVersion = 17.1.32210.238
MinimumVisualStudioVersion = 10.0.40219.1
Project("{FAE04EC0-301F-11D3-BF4B-00C04F79EFBC}") = "dictionary", "dictionary.csproj", "{D8A9E4A3-14B9-4F25-9FDB-89C80233BD6D}"
EndProject
Global
	GlobalSection(SolutionConfigurationPlatforms) = preSolution
		Debug|Any CPU = Debug|Any CPU
		Release|Any CPU = Release|Any CPU
	EndGlobalSection
	GlobalSection(ProjectConfigurationPlatforms) = postSolution
		{D8A9E4A3-14B9-4F25-9FDB-89C80233BD6D}.Debug|Any CPU.ActiveCfg = Debug|Any CPU
		{D8A9E4A3-14B9-4F25-9FDB-89C80233BD6D}.Debug|Any CPU.Build.0 = Debug|Any CPU
		{D8A9E4A3-14B9-4F25-9FDB-89C80233BD6D}.Release|Any CPU.ActiveCfg = Release|Any CPU
		{D8A9E4A3-14B9-4F25-9FDB-89C80233BD6D}.Release|Any CPU.Build.0 = Release|Any CPU
	EndGlobalSection
	GlobalSection(SolutionProperties) = preSolution
		HideSolutionNode = FALSE
	EndGlobalSection
	GlobalSection(ExtensibilityGlobals) = postSolution
		SolutionGuid = {6004D09B-4AED-4787-8D3E-666DCACE9DD7}
	EndGlobalSection
EndGlobal
